
Microsoft Visual Studio Solution File, Format Version 12.00
# Visual Studio 15
VisualStudioVersion = 15.0.28307.1758
MinimumVisualStudioVersion = 10.0.40219.1
Project("{8BC9CEB8-8B4A-11D0-8D11-00A0C91BC942}") = "DeviceConnectByAlias", "DeviceConnectByAlias\DeviceConnectByAlias.vcxproj", "{9A07D495-0E7D-4BC6-A7C5-4BE5C2F78AC7}"
EndProject
Project("{8BC9CEB8-8B4A-11D0-8D11-00A0C91BC942}") = "DeviceConnectByIP", "DeviceConnectByIP\DeviceConnectByIP.vcxproj", "{BD9DA9C0-6929-458C-AD0B-DD990DD54A5F}"
EndProject
Project("{8BC9CEB8-8B4A-11D0-8D11-00A0C91BC942}") = "DeviceHWTriggerMode", "DeviceHWTriggerMode\DeviceHWTriggerMode.vcxproj", "{33A942F7-2306-4ADF-B530-837F43AD6892}"
EndProject
Project("{8BC9CEB8-8B4A-11D0-8D11-00A0C91BC942}") = "DeviceInfoGet", "DeviceInfoGet\DeviceInfoGet.vcxproj", "{E711C900-F067-4FB3-AC3B-E5B8D90FA113}"
EndProject
Project("{8BC9CEB8-8B4A-11D0-8D11-00A0C91BC942}") = "DeviceSearchAndConnect", "DeviceSearchAndConnect\DeviceSearchAndConnect.vcxproj", "{4A560344-1889-4541-8F84-3FCC889D8FD2}"
EndProject
Project("{8BC9CEB8-8B4A-11D0-8D11-00A0C91BC942}") = "DeviceSWTriggerMode", "DeviceSWTriggerMode\DeviceSWTriggerMode.vcxproj", "{FAB6825F-C2C7-4AB3-BACA-3074DD4AC22F}"
EndProject
Project("{8BC9CEB8-8B4A-11D0-8D11-00A0C91BC942}") = "FrameCaptureAndSave", "FrameCaptureAndSave\FrameCaptureAndSave.vcxproj", "{695C8384-14C1-4C50-A969-60BB00223278}"
EndProject
Project("{8BC9CEB8-8B4A-11D0-8D11-00A0C91BC942}") = "MultiConnection", "MultiConnection\MultiConnection.vcxproj", "{9D817B67-C21E-4E5F-9147-94EAD413A94F}"
EndProject
Project("{8BC9CEB8-8B4A-11D0-8D11-00A0C91BC942}") = "PointCloudCaptureAndSave", "PointCloudCaptureAndSave\PointCloudCaptureAndSave.vcxproj", "{95C5D138-02C2-43B0-A783-7B6AE1C37BA1}"
EndProject
Project("{8BC9CEB8-8B4A-11D0-8D11-00A0C91BC942}") = "RGBResolutionChange", "RGBResolutionChange\RGBResolutionChange.vcxproj", "{F289CCD9-9D0A-4F04-AD6E-6979C845A620}"
EndProject
Project("{8BC9CEB8-8B4A-11D0-8D11-00A0C91BC942}") = "TransformColorImgToDepthSensorFrame", "TransformColorImgToDepthSensorFrame\TransformColorImgToDepthSensorFrame.vcxproj", "{EBDA0691-3764-4A61-BC4E-EE27777C52D4}"
EndProject
Project("{8BC9CEB8-8B4A-11D0-8D11-00A0C91BC942}") = "TransformDepthImgToColorSensorFrame", "TransformDepthImgToColorSensorFrame\TransformDepthImgToColorSensorFrame.vcxproj", "{5FDE3BA1-38AF-41BE-848F-13F906D00A22}"
EndProject
Project("{8BC9CEB8-8B4A-11D0-8D11-00A0C91BC942}") = "DevHotPlugCallbackC", "DevHotPlugCallbackC\DevHotPlugCallbackC.vcxproj", "{B5045479-B0C4-493D-9CA5-11202543CCBF}"
EndProject
Project("{8BC9CEB8-8B4A-11D0-8D11-00A0C91BC942}") = "DevHotPlugCallbackCpp", "DevHotPlugCallbackCpp\DevHotPlugCallbackCpp.vcxproj", "{980D4056-3C94-4D42-9A0F-EB9368F6F62F}"
EndProject
Project("{8BC9CEB8-8B4A-11D0-8D11-00A0C91BC942}") = "DeviceParamSetGet", "DeviceParamSetGet\DeviceParamGet.vcxproj", "{1FA7F40D-27D0-4120-B8C6-FE203521270F}"
EndProject
Project("{8BC9CEB8-8B4A-11D0-8D11-00A0C91BC942}") = "RGBExposureTimeSetGet", "RGBExposureTimeSetGet\RGBExposureTimeSetGet.vcxproj", "{1A04CA7F-B29C-43CE-AB08-C4E5FBD3BDD8}"
EndProject
Project("{8BC9CEB8-8B4A-11D0-8D11-00A0C91BC942}") = "DeviceStartStopStreaming", "DeviceStartStopStreaming\DeviceStartStopSteaming.vcxproj", "{C3A7256B-066F-45BA-99C2-87F771CC2C0F}"
EndProject
Project("{8BC9CEB8-8B4A-11D0-8D11-00A0C91BC942}") = "PointCloudVectorAndSave", "PointCloudVectorAndSave\PointCloudVectorAndSave.vcxproj", "{CE070792-D757-4880-85AC-CB692E7B9DA9}"
EndProject
Project("{8BC9CEB8-8B4A-11D0-8D11-00A0C91BC942}") = "MultiConnectionInMultiThread", "MultiConnectionInMultiThread\MultiConnectionInMultiThread.vcxproj", "{BBEEFAA3-1527-43CA-9ACC-3E1B530CBAB1}"
EndProject
Project("{8BC9CEB8-8B4A-11D0-8D11-00A0C91BC942}") = "DeviceSetFrameRate", "DeviceSetFrameRate\DeviceSetFrameRate.vcxproj", "{5F647F14-9ADA-415F-A4C3-4E369E5E952C}"
EndProject
Project("{8BC9CEB8-8B4A-11D0-8D11-00A0C91BC942}") = "TOFFiltersSetGet", "TOFFiltersSetGet\TOFFiltersSetGet.vcxproj", "{46ED4BB9-D36C-4457-9D86-0ABB9FEAD84D}"
EndProject
Project("{8BC9CEB8-8B4A-11D0-8D11-00A0C91BC942}") = "TOFExposureTimeSetGet", "TOFExposureTimeSetGet\TOFExposureTimeSetGet.vcxproj", "{8AEAC161-83C7-4579-B879-ACB03D1B0884}"
EndProject
Global
	GlobalSection(SolutionConfigurationPlatforms) = preSolution
		Debug|x64 = Debug|x64
		Debug|x86 = Debug|x86
		Release|x64 = Release|x64
		Release|x86 = Release|x86
	EndGlobalSection
	GlobalSection(ProjectConfigurationPlatforms) = postSolution
		{9A07D495-0E7D-4BC6-A7C5-4BE5C2F78AC7}.Debug|x64.ActiveCfg = Debug|x64
		{9A07D495-0E7D-4BC6-A7C5-4BE5C2F78AC7}.Debug|x64.Build.0 = Debug|x64
		{9A07D495-0E7D-4BC6-A7C5-4BE5C2F78AC7}.Debug|x86.ActiveCfg = Debug|Win32
		{9A07D495-0E7D-4BC6-A7C5-4BE5C2F78AC7}.Debug|x86.Build.0 = Debug|Win32
		{9A07D495-0E7D-4BC6-A7C5-4BE5C2F78AC7}.Release|x64.ActiveCfg = Release|x64
		{9A07D495-0E7D-4BC6-A7C5-4BE5C2F78AC7}.Release|x64.Build.0 = Release|x64
		{9A07D495-0E7D-4BC6-A7C5-4BE5C2F78AC7}.Release|x86.ActiveCfg = Release|Win32
		{9A07D495-0E7D-4BC6-A7C5-4BE5C2F78AC7}.Release|x86.Build.0 = Release|Win32
		{BD9DA9C0-6929-458C-AD0B-DD990DD54A5F}.Debug|x64.ActiveCfg = Debug|x64
		{BD9DA9C0-6929-458C-AD0B-DD990DD54A5F}.Debug|x64.Build.0 = Debug|x64
		{BD9DA9C0-6929-458C-AD0B-DD990DD54A5F}.Debug|x86.ActiveCfg = Debug|Win32
		{BD9DA9C0-6929-458C-AD0B-DD990DD54A5F}.Debug|x86.Build.0 = Debug|Win32
		{BD9DA9C0-6929-458C-AD0B-DD990DD54A5F}.Release|x64.ActiveCfg = Release|x64
		{BD9DA9C0-6929-458C-AD0B-DD990DD54A5F}.Release|x64.Build.0 = Release|x64
		{BD9DA9C0-6929-458C-AD0B-DD990DD54A5F}.Release|x86.ActiveCfg = Release|Win32
		{BD9DA9C0-6929-458C-AD0B-DD990DD54A5F}.Release|x86.Build.0 = Release|Win32
		{33A942F7-2306-4ADF-B530-837F43AD6892}.Debug|x64.ActiveCfg = Debug|x64
		{33A942F7-2306-4ADF-B530-837F43AD6892}.Debug|x64.Build.0 = Debug|x64
		{33A942F7-2306-4ADF-B530-837F43AD6892}.Debug|x86.ActiveCfg = Debug|Win32
		{33A942F7-2306-4ADF-B530-837F43AD6892}.Debug|x86.Build.0 = Debug|Win32
		{33A942F7-2306-4ADF-B530-837F43AD6892}.Release|x64.ActiveCfg = Release|x64
		{33A942F7-2306-4ADF-B530-837F43AD6892}.Release|x64.Build.0 = Release|x64
		{33A942F7-2306-4ADF-B530-837F43AD6892}.Release|x86.ActiveCfg = Release|Win32
		{33A942F7-2306-4ADF-B530-837F43AD6892}.Release|x86.Build.0 = Release|Win32
		{E711C900-F067-4FB3-AC3B-E5B8D90FA113}.Debug|x64.ActiveCfg = Debug|x64
		{E711C900-F067-4FB3-AC3B-E5B8D90FA113}.Debug|x64.Build.0 = Debug|x64
		{E711C900-F067-4FB3-AC3B-E5B8D90FA113}.Debug|x86.ActiveCfg = Debug|Win32
		{E711C900-F067-4FB3-AC3B-E5B8D90FA113}.Debug|x86.Build.0 = Debug|Win32
		{E711C900-F067-4FB3-AC3B-E5B8D90FA113}.Release|x64.ActiveCfg = Release|x64
		{E711C900-F067-4FB3-AC3B-E5B8D90FA113}.Release|x64.Build.0 = Release|x64
		{E711C900-F067-4FB3-AC3B-E5B8D90FA113}.Release|x86.ActiveCfg = Release|Win32
		{E711C900-F067-4FB3-AC3B-E5B8D90FA113}.Release|x86.Build.0 = Release|Win32
		{4A560344-1889-4541-8F84-3FCC889D8FD2}.Debug|x64.ActiveCfg = Debug|x64
		{4A560344-1889-4541-8F84-3FCC889D8FD2}.Debug|x64.Build.0 = Debug|x64
		{4A560344-1889-4541-8F84-3FCC889D8FD2}.Debug|x86.ActiveCfg = Debug|Win32
		{4A560344-1889-4541-8F84-3FCC889D8FD2}.Debug|x86.Build.0 = Debug|Win32
		{4A560344-1889-4541-8F84-3FCC889D8FD2}.Release|x64.ActiveCfg = Release|x64
		{4A560344-1889-4541-8F84-3FCC889D8FD2}.Release|x64.Build.0 = Release|x64
		{4A560344-1889-4541-8F84-3FCC889D8FD2}.Release|x86.ActiveCfg = Release|Win32
		{4A560344-1889-4541-8F84-3FCC889D8FD2}.Release|x86.Build.0 = Release|Win32
		{FAB6825F-C2C7-4AB3-BACA-3074DD4AC22F}.Debug|x64.ActiveCfg = Debug|x64
		{FAB6825F-C2C7-4AB3-BACA-3074DD4AC22F}.Debug|x64.Build.0 = Debug|x64
		{FAB6825F-C2C7-4AB3-BACA-3074DD4AC22F}.Debug|x86.ActiveCfg = Debug|Win32
		{FAB6825F-C2C7-4AB3-BACA-3074DD4AC22F}.Debug|x86.Build.0 = Debug|Win32
		{FAB6825F-C2C7-4AB3-BACA-3074DD4AC22F}.Release|x64.ActiveCfg = Release|x64
		{FAB6825F-C2C7-4AB3-BACA-3074DD4AC22F}.Release|x64.Build.0 = Release|x64
		{FAB6825F-C2C7-4AB3-BACA-3074DD4AC22F}.Release|x86.ActiveCfg = Release|Win32
		{FAB6825F-C2C7-4AB3-BACA-3074DD4AC22F}.Release|x86.Build.0 = Release|Win32
		{695C8384-14C1-4C50-A969-60BB00223278}.Debug|x64.ActiveCfg = Debug|x64
		{695C8384-14C1-4C50-A969-60BB00223278}.Debug|x64.Build.0 = Debug|x64
		{695C8384-14C1-4C50-A969-60BB00223278}.Debug|x86.ActiveCfg = Debug|Win32
		{695C8384-14C1-4C50-A969-60BB00223278}.Debug|x86.Build.0 = Debug|Win32
		{695C8384-14C1-4C50-A969-60BB00223278}.Release|x64.ActiveCfg = Release|x64
		{695C8384-14C1-4C50-A969-60BB00223278}.Release|x64.Build.0 = Release|x64
		{695C8384-14C1-4C50-A969-60BB00223278}.Release|x86.ActiveCfg = Release|Win32
		{695C8384-14C1-4C50-A969-60BB00223278}.Release|x86.Build.0 = Release|Win32
		{9D817B67-C21E-4E5F-9147-94EAD413A94F}.Debug|x64.ActiveCfg = Debug|x64
		{9D817B67-C21E-4E5F-9147-94EAD413A94F}.Debug|x64.Build.0 = Debug|x64
		{9D817B67-C21E-4E5F-9147-94EAD413A94F}.Debug|x86.ActiveCfg = Debug|Win32
		{9D817B67-C21E-4E5F-9147-94EAD413A94F}.Debug|x86.Build.0 = Debug|Win32
		{9D817B67-C21E-4E5F-9147-94EAD413A94F}.Release|x64.ActiveCfg = Release|x64
		{9D817B67-C21E-4E5F-9147-94EAD413A94F}.Release|x64.Build.0 = Release|x64
		{9D817B67-C21E-4E5F-9147-94EAD413A94F}.Release|x86.ActiveCfg = Release|Win32
		{9D817B67-C21E-4E5F-9147-94EAD413A94F}.Release|x86.Build.0 = Release|Win32
		{95C5D138-02C2-43B0-A783-7B6AE1C37BA1}.Debug|x64.ActiveCfg = Debug|x64
		{95C5D138-02C2-43B0-A783-7B6AE1C37BA1}.Debug|x64.Build.0 = Debug|x64
		{95C5D138-02C2-43B0-A783-7B6AE1C37BA1}.Debug|x86.ActiveCfg = Debug|Win32
		{95C5D138-02C2-43B0-A783-7B6AE1C37BA1}.Debug|x86.Build.0 = Debug|Win32
		{95C5D138-02C2-43B0-A783-7B6AE1C37BA1}.Release|x64.ActiveCfg = Release|x64
		{95C5D138-02C2-43B0-A783-7B6AE1C37BA1}.Release|x64.Build.0 = Release|x64
		{95C5D138-02C2-43B0-A783-7B6AE1C37BA1}.Release|x86.ActiveCfg = Release|Win32
		{95C5D138-02C2-43B0-A783-7B6AE1C37BA1}.Release|x86.Build.0 = Release|Win32
		{F289CCD9-9D0A-4F04-AD6E-6979C845A620}.Debug|x64.ActiveCfg = Debug|x64
		{F289CCD9-9D0A-4F04-AD6E-6979C845A620}.Debug|x64.Build.0 = Debug|x64
		{F289CCD9-9D0A-4F04-AD6E-6979C845A620}.Debug|x86.ActiveCfg = Debug|Win32
		{F289CCD9-9D0A-4F04-AD6E-6979C845A620}.Debug|x86.Build.0 = Debug|Win32
		{F289CCD9-9D0A-4F04-AD6E-6979C845A620}.Release|x64.ActiveCfg = Release|x64
		{F289CCD9-9D0A-4F04-AD6E-6979C845A620}.Release|x64.Build.0 = Release|x64
		{F289CCD9-9D0A-4F04-AD6E-6979C845A620}.Release|x86.ActiveCfg = Release|Win32
		{F289CCD9-9D0A-4F04-AD6E-6979C845A620}.Release|x86.Build.0 = Release|Win32
		{EBDA0691-3764-4A61-BC4E-EE27777C52D4}.Debug|x64.ActiveCfg = Debug|x64
		{EBDA0691-3764-4A61-BC4E-EE27777C52D4}.Debug|x64.Build.0 = Debug|x64
		{EBDA0691-3764-4A61-BC4E-EE27777C52D4}.Debug|x86.ActiveCfg = Debug|Win32
		{EBDA0691-3764-4A61-BC4E-EE27777C52D4}.Debug|x86.Build.0 = Debug|Win32
		{EBDA0691-3764-4A61-BC4E-EE27777C52D4}.Release|x64.ActiveCfg = Release|x64
		{EBDA0691-3764-4A61-BC4E-EE27777C52D4}.Release|x64.Build.0 = Release|x64
		{EBDA0691-3764-4A61-BC4E-EE27777C52D4}.Release|x86.ActiveCfg = Release|Win32
		{EBDA0691-3764-4A61-BC4E-EE27777C52D4}.Release|x86.Build.0 = Release|Win32
		{5FDE3BA1-38AF-41BE-848F-13F906D00A22}.Debug|x64.ActiveCfg = Debug|x64
		{5FDE3BA1-38AF-41BE-848F-13F906D00A22}.Debug|x64.Build.0 = Debug|x64
		{5FDE3BA1-38AF-41BE-848F-13F906D00A22}.Debug|x86.ActiveCfg = Debug|Win32
		{5FDE3BA1-38AF-41BE-848F-13F906D00A22}.Debug|x86.Build.0 = Debug|Win32
		{5FDE3BA1-38AF-41BE-848F-13F906D00A22}.Release|x64.ActiveCfg = Release|x64
		{5FDE3BA1-38AF-41BE-848F-13F906D00A22}.Release|x64.Build.0 = Release|x64
		{5FDE3BA1-38AF-41BE-848F-13F906D00A22}.Release|x86.ActiveCfg = Release|Win32
		{5FDE3BA1-38AF-41BE-848F-13F906D00A22}.Release|x86.Build.0 = Release|Win32
		{B5045479-B0C4-493D-9CA5-11202543CCBF}.Debug|x64.ActiveCfg = Debug|x64
		{B5045479-B0C4-493D-9CA5-11202543CCBF}.Debug|x64.Build.0 = Debug|x64
		{B5045479-B0C4-493D-9CA5-11202543CCBF}.Debug|x86.ActiveCfg = Debug|Win32
		{B5045479-B0C4-493D-9CA5-11202543CCBF}.Debug|x86.Build.0 = Debug|Win32
		{B5045479-B0C4-493D-9CA5-11202543CCBF}.Release|x64.ActiveCfg = Release|x64
		{B5045479-B0C4-493D-9CA5-11202543CCBF}.Release|x64.Build.0 = Release|x64
		{B5045479-B0C4-493D-9CA5-11202543CCBF}.Release|x86.ActiveCfg = Release|Win32
		{B5045479-B0C4-493D-9CA5-11202543CCBF}.Release|x86.Build.0 = Release|Win32
		{980D4056-3C94-4D42-9A0F-EB9368F6F62F}.Debug|x64.ActiveCfg = Debug|x64
		{980D4056-3C94-4D42-9A0F-EB9368F6F62F}.Debug|x64.Build.0 = Debug|x64
		{980D4056-3C94-4D42-9A0F-EB9368F6F62F}.Debug|x86.ActiveCfg = Debug|Win32
		{980D4056-3C94-4D42-9A0F-EB9368F6F62F}.Debug|x86.Build.0 = Debug|Win32
		{980D4056-3C94-4D42-9A0F-EB9368F6F62F}.Release|x64.ActiveCfg = Release|x64
		{980D4056-3C94-4D42-9A0F-EB9368F6F62F}.Release|x64.Build.0 = Release|x64
		{980D4056-3C94-4D42-9A0F-EB9368F6F62F}.Release|x86.ActiveCfg = Release|Win32
		{980D4056-3C94-4D42-9A0F-EB9368F6F62F}.Release|x86.Build.0 = Release|Win32
		{1FA7F40D-27D0-4120-B8C6-FE203521270F}.Debug|x64.ActiveCfg = Debug|x64
		{1FA7F40D-27D0-4120-B8C6-FE203521270F}.Debug|x64.Build.0 = Debug|x64
		{1FA7F40D-27D0-4120-B8C6-FE203521270F}.Debug|x86.ActiveCfg = Debug|Win32
		{1FA7F40D-27D0-4120-B8C6-FE203521270F}.Debug|x86.Build.0 = Debug|Win32
		{1FA7F40D-27D0-4120-B8C6-FE203521270F}.Release|x64.ActiveCfg = Release|x64
		{1FA7F40D-27D0-4120-B8C6-FE203521270F}.Release|x64.Build.0 = Release|x64
		{1FA7F40D-27D0-4120-B8C6-FE203521270F}.Release|x86.ActiveCfg = Release|Win32
		{1FA7F40D-27D0-4120-B8C6-FE203521270F}.Release|x86.Build.0 = Release|Win32
		{1A04CA7F-B29C-43CE-AB08-C4E5FBD3BDD8}.Debug|x64.ActiveCfg = Debug|x64
		{1A04CA7F-B29C-43CE-AB08-C4E5FBD3BDD8}.Debug|x64.Build.0 = Debug|x64
		{1A04CA7F-B29C-43CE-AB08-C4E5FBD3BDD8}.Debug|x86.ActiveCfg = Debug|Win32
		{1A04CA7F-B29C-43CE-AB08-C4E5FBD3BDD8}.Debug|x86.Build.0 = Debug|Win32
		{1A04CA7F-B29C-43CE-AB08-C4E5FBD3BDD8}.Release|x64.ActiveCfg = Release|x64
		{1A04CA7F-B29C-43CE-AB08-C4E5FBD3BDD8}.Release|x64.Build.0 = Release|x64
		{1A04CA7F-B29C-43CE-AB08-C4E5FBD3BDD8}.Release|x86.ActiveCfg = Release|Win32
		{1A04CA7F-B29C-43CE-AB08-C4E5FBD3BDD8}.Release|x86.Build.0 = Release|Win32
		{C3A7256B-066F-45BA-99C2-87F771CC2C0F}.Debug|x64.ActiveCfg = Debug|x64
		{C3A7256B-066F-45BA-99C2-87F771CC2C0F}.Debug|x64.Build.0 = Debug|x64
		{C3A7256B-066F-45BA-99C2-87F771CC2C0F}.Debug|x86.ActiveCfg = Debug|Win32
		{C3A7256B-066F-45BA-99C2-87F771CC2C0F}.Debug|x86.Build.0 = Debug|Win32
		{C3A7256B-066F-45BA-99C2-87F771CC2C0F}.Release|x64.ActiveCfg = Release|x64
		{C3A7256B-066F-45BA-99C2-87F771CC2C0F}.Release|x64.Build.0 = Release|x64
		{C3A7256B-066F-45BA-99C2-87F771CC2C0F}.Release|x86.ActiveCfg = Release|Win32
		{C3A7256B-066F-45BA-99C2-87F771CC2C0F}.Release|x86.Build.0 = Release|Win32
		{CE070792-D757-4880-85AC-CB692E7B9DA9}.Debug|x64.ActiveCfg = Debug|x64
		{CE070792-D757-4880-85AC-CB692E7B9DA9}.Debug|x64.Build.0 = Debug|x64
		{CE070792-D757-4880-85AC-CB692E7B9DA9}.Debug|x86.ActiveCfg = Debug|Win32
		{CE070792-D757-4880-85AC-CB692E7B9DA9}.Debug|x86.Build.0 = Debug|Win32
		{CE070792-D757-4880-85AC-CB692E7B9DA9}.Release|x64.ActiveCfg = Release|x64
		{CE070792-D757-4880-85AC-CB692E7B9DA9}.Release|x64.Build.0 = Release|x64
		{CE070792-D757-4880-85AC-CB692E7B9DA9}.Release|x86.ActiveCfg = Release|Win32
		{CE070792-D757-4880-85AC-CB692E7B9DA9}.Release|x86.Build.0 = Release|Win32
		{BBEEFAA3-1527-43CA-9ACC-3E1B530CBAB1}.Debug|x64.ActiveCfg = Debug|x64
		{BBEEFAA3-1527-43CA-9ACC-3E1B530CBAB1}.Debug|x64.Build.0 = Debug|x64
		{BBEEFAA3-1527-43CA-9ACC-3E1B530CBAB1}.Debug|x86.ActiveCfg = Debug|Win32
		{BBEEFAA3-1527-43CA-9ACC-3E1B530CBAB1}.Debug|x86.Build.0 = Debug|Win32
		{BBEEFAA3-1527-43CA-9ACC-3E1B530CBAB1}.Release|x64.ActiveCfg = Release|x64
		{BBEEFAA3-1527-43CA-9ACC-3E1B530CBAB1}.Release|x64.Build.0 = Release|x64
		{BBEEFAA3-1527-43CA-9ACC-3E1B530CBAB1}.Release|x86.ActiveCfg = Release|Win32
		{BBEEFAA3-1527-43CA-9ACC-3E1B530CBAB1}.Release|x86.Build.0 = Release|Win32
		{5F647F14-9ADA-415F-A4C3-4E369E5E952C}.Debug|x64.ActiveCfg = Debug|x64
		{5F647F14-9ADA-415F-A4C3-4E369E5E952C}.Debug|x64.Build.0 = Debug|x64
		{5F647F14-9ADA-415F-A4C3-4E369E5E952C}.Debug|x86.ActiveCfg = Debug|Win32
		{5F647F14-9ADA-415F-A4C3-4E369E5E952C}.Debug|x86.Build.0 = Debug|Win32
		{5F647F14-9ADA-415F-A4C3-4E369E5E952C}.Release|x64.ActiveCfg = Release|x64
		{5F647F14-9ADA-415F-A4C3-4E369E5E952C}.Release|x64.Build.0 = Release|x64
		{5F647F14-9ADA-415F-A4C3-4E369E5E952C}.Release|x86.ActiveCfg = Release|Win32
		{5F647F14-9ADA-415F-A4C3-4E369E5E952C}.Release|x86.Build.0 = Release|Win32
		{46ED4BB9-D36C-4457-9D86-0ABB9FEAD84D}.Debug|x64.ActiveCfg = Debug|x64
		{46ED4BB9-D36C-4457-9D86-0ABB9FEAD84D}.Debug|x64.Build.0 = Debug|x64
		{46ED4BB9-D36C-4457-9D86-0ABB9FEAD84D}.Debug|x86.ActiveCfg = Debug|Win32
		{46ED4BB9-D36C-4457-9D86-0ABB9FEAD84D}.Debug|x86.Build.0 = Debug|Win32
		{46ED4BB9-D36C-4457-9D86-0ABB9FEAD84D}.Release|x64.ActiveCfg = Release|x64
		{46ED4BB9-D36C-4457-9D86-0ABB9FEAD84D}.Release|x64.Build.0 = Release|x64
		{46ED4BB9-D36C-4457-9D86-0ABB9FEAD84D}.Release|x86.ActiveCfg = Release|Win32
		{46ED4BB9-D36C-4457-9D86-0ABB9FEAD84D}.Release|x86.Build.0 = Release|Win32
		{8AEAC161-83C7-4579-B879-ACB03D1B0884}.Debug|x64.ActiveCfg = Debug|x64
		{8AEAC161-83C7-4579-B879-ACB03D1B0884}.Debug|x64.Build.0 = Debug|x64
		{8AEAC161-83C7-4579-B879-ACB03D1B0884}.Debug|x86.ActiveCfg = Debug|Win32
		{8AEAC161-83C7-4579-B879-ACB03D1B0884}.Debug|x86.Build.0 = Debug|Win32
		{8AEAC161-83C7-4579-B879-ACB03D1B0884}.Release|x64.ActiveCfg = Release|x64
		{8AEAC161-83C7-4579-B879-ACB03D1B0884}.Release|x64.Build.0 = Release|x64
		{8AEAC161-83C7-4579-B879-ACB03D1B0884}.Release|x86.ActiveCfg = Release|Win32
		{8AEAC161-83C7-4579-B879-ACB03D1B0884}.Release|x86.Build.0 = Release|Win32
	EndGlobalSection
	GlobalSection(SolutionProperties) = preSolution
		HideSolutionNode = FALSE
	EndGlobalSection
	GlobalSection(ExtensibilityGlobals) = postSolution
		SolutionGuid = {3285BF52-7D7D-484A-966E-48E78FD09841}
	EndGlobalSection
EndGlobal
